
Microsoft Visual Studio Solution File, Format Version 10.00
# Visual Studio 2008
Project("{FAE04EC0-301F-11D3-BF4B-00C04F79EFBC}") = "AnderssonLink", "AnderssonLink\AnderssonLink.csproj", "{8282BA1B-2E97-4D33-BC1C-DAFA1335DD89}"
EndProject
Project("{FAE04EC0-301F-11D3-BF4B-00C04F79EFBC}") = "TestClient", "TestClient\TestClient.csproj", "{A0E7260B-AC2D-4570-ADFC-35E79EB31E9B}"
EndProject
Project("{FAE04EC0-301F-11D3-BF4B-00C04F79EFBC}") = "AnderssonLinkBizTalkProject", "AnderssonLinkBizTalkProject\AnderssonLinkBizTalkProject.btproj", "{F0D4A436-3216-4F75-8728-A4BF52F46BD7}"
EndProject
Global
	GlobalSection(SubversionScc) = preSolution
		Svn-Managed = True
		Manager = AnkhSVN - Subversion Support for Visual Studio
	EndGlobalSection
	GlobalSection(SolutionConfigurationPlatforms) = preSolution
		Debug|Any CPU = Debug|Any CPU
		Release|Any CPU = Release|Any CPU
	EndGlobalSection
	GlobalSection(ProjectConfigurationPlatforms) = postSolution
		{8282BA1B-2E97-4D33-BC1C-DAFA1335DD89}.Debug|Any CPU.ActiveCfg = Debug|Any CPU
		{8282BA1B-2E97-4D33-BC1C-DAFA1335DD89}.Debug|Any CPU.Build.0 = Debug|Any CPU
		{8282BA1B-2E97-4D33-BC1C-DAFA1335DD89}.Release|Any CPU.ActiveCfg = Release|Any CPU
		{8282BA1B-2E97-4D33-BC1C-DAFA1335DD89}.Release|Any CPU.Build.0 = Release|Any CPU
		{A0E7260B-AC2D-4570-ADFC-35E79EB31E9B}.Debug|Any CPU.ActiveCfg = Debug|Any CPU
		{A0E7260B-AC2D-4570-ADFC-35E79EB31E9B}.Debug|Any CPU.Build.0 = Debug|Any CPU
		{A0E7260B-AC2D-4570-ADFC-35E79EB31E9B}.Release|Any CPU.ActiveCfg = Release|Any CPU
		{A0E7260B-AC2D-4570-ADFC-35E79EB31E9B}.Release|Any CPU.Build.0 = Release|Any CPU
		{F0D4A436-3216-4F75-8728-A4BF52F46BD7}.Debug|Any CPU.ActiveCfg = Debug|Any CPU
		{F0D4A436-3216-4F75-8728-A4BF52F46BD7}.Debug|Any CPU.Build.0 = Debug|Any CPU
		{F0D4A436-3216-4F75-8728-A4BF52F46BD7}.Debug|Any CPU.Deploy.0 = Debug|Any CPU
		{F0D4A436-3216-4F75-8728-A4BF52F46BD7}.Release|Any CPU.ActiveCfg = Release|Any CPU
		{F0D4A436-3216-4F75-8728-A4BF52F46BD7}.Release|Any CPU.Build.0 = Release|Any CPU
		{F0D4A436-3216-4F75-8728-A4BF52F46BD7}.Release|Any CPU.Deploy.0 = Release|Any CPU
	EndGlobalSection
	GlobalSection(SolutionProperties) = preSolution
		HideSolutionNode = FALSE
	EndGlobalSection
EndGlobal
