
Microsoft Visual Studio Solution File, Format Version 10.00
# Visual Studio 2008
Project("{FAE04EC0-301F-11D3-BF4B-00C04F79EFBC}") = "OrderService", "OrderService\OrderService.csproj", "{15B3E0D2-6217-493A-A690-158C497F5318}"
EndProject
Project("{FAE04EC0-301F-11D3-BF4B-00C04F79EFBC}") = "ServiceTesterClient", "ServiceTesterClient\ServiceTesterClient.csproj", "{E731FC1D-1C80-4F67-B5CD-C1C98F181300}"
EndProject
Global
	GlobalSection(SolutionConfigurationPlatforms) = preSolution
		Debug|Any CPU = Debug|Any CPU
		Release|Any CPU = Release|Any CPU
	EndGlobalSection
	GlobalSection(ProjectConfigurationPlatforms) = postSolution
		{15B3E0D2-6217-493A-A690-158C497F5318}.Debug|Any CPU.ActiveCfg = Debug|Any CPU
		{15B3E0D2-6217-493A-A690-158C497F5318}.Debug|Any CPU.Build.0 = Debug|Any CPU
		{15B3E0D2-6217-493A-A690-158C497F5318}.Release|Any CPU.ActiveCfg = Release|Any CPU
		{15B3E0D2-6217-493A-A690-158C497F5318}.Release|Any CPU.Build.0 = Release|Any CPU
		{E731FC1D-1C80-4F67-B5CD-C1C98F181300}.Debug|Any CPU.ActiveCfg = Debug|Any CPU
		{E731FC1D-1C80-4F67-B5CD-C1C98F181300}.Debug|Any CPU.Build.0 = Debug|Any CPU
		{E731FC1D-1C80-4F67-B5CD-C1C98F181300}.Release|Any CPU.ActiveCfg = Release|Any CPU
		{E731FC1D-1C80-4F67-B5CD-C1C98F181300}.Release|Any CPU.Build.0 = Release|Any CPU
	EndGlobalSection
	GlobalSection(SolutionProperties) = preSolution
		HideSolutionNode = FALSE
	EndGlobalSection
EndGlobal
